
Microsoft Visual Studio Solution File, Format Version 12.00
# Visual Studio Version 17
VisualStudioVersion = 17.5.33516.290
MinimumVisualStudioVersion = 10.0.40219.1
Project("{8BC9CEB8-8B4A-11D0-8D11-00A0C91BC942}") = "Hyoukakadai2", "Hyoukakadai2.vcxproj", "{51241CD6-9C1D-4AE7-A925-50DED5D9D4E5}"
EndProject
Global
	GlobalSection(SolutionConfigurationPlatforms) = preSolution
		Debug|x64 = Debug|x64
		Release|x64 = Release|x64
	EndGlobalSection
	GlobalSection(ProjectConfigurationPlatforms) = postSolution
		{51241CD6-9C1D-4AE7-A925-50DED5D9D4E5}.Debug|x64.ActiveCfg = Debug|x64
		{51241CD6-9C1D-4AE7-A925-50DED5D9D4E5}.Debug|x64.Build.0 = Debug|x64
		{51241CD6-9C1D-4AE7-A925-50DED5D9D4E5}.Release|x64.ActiveCfg = Release|x64
		{51241CD6-9C1D-4AE7-A925-50DED5D9D4E5}.Release|x64.Build.0 = Release|x64
	EndGlobalSection
	GlobalSection(SolutionProperties) = preSolution
		HideSolutionNode = FALSE
	EndGlobalSection
	GlobalSection(ExtensibilityGlobals) = postSolution
		SolutionGuid = {4007F252-EA41-4DE6-82C4-8981F76D0DB6}
	EndGlobalSection
EndGlobal
